
Microsoft Visual Studio Solution File, Format Version 12.00
# Visual Studio Version 17
VisualStudioVersion = 17.9.34728.123
MinimumVisualStudioVersion = 10.0.40219.1
Project("{FAE04EC0-301F-11D3-BF4B-00C04F79EFBC}") = "Edulink.Server", "Edulink.Server\Edulink.Server.csproj", "{8A89A373-D7ED-44A0-A6A1-817BFB25037E}"
EndProject
Project("{FAE04EC0-301F-11D3-BF4B-00C04F79EFBC}") = "Edulink.Client", "Edulink.Client\Edulink.Client.csproj", "{3EE5EE0F-4B5C-44D3-8B85-BFB92F738A48}"
EndProject
Project("{FAE04EC0-301F-11D3-BF4B-00C04F79EFBC}") = "Edulink.Communication", "Edulink.Communication\Edulink.Communication.csproj", "{666D8108-AE32-4161-8941-6FE5E490A837}"
EndProject
Global
	GlobalSection(SolutionConfigurationPlatforms) = preSolution
		Debug|Any CPU = Debug|Any CPU
		Debug|ARM64 = Debug|ARM64
		Debug|x64 = Debug|x64
		Debug|x86 = Debug|x86
		Release|Any CPU = Release|Any CPU
		Release|ARM64 = Release|ARM64
		Release|x64 = Release|x64
		Release|x86 = Release|x86
	EndGlobalSection
	GlobalSection(ProjectConfigurationPlatforms) = postSolution
		{8A89A373-D7ED-44A0-A6A1-817BFB25037E}.Debug|Any CPU.ActiveCfg = Debug|Any CPU
		{8A89A373-D7ED-44A0-A6A1-817BFB25037E}.Debug|Any CPU.Build.0 = Debug|Any CPU
		{8A89A373-D7ED-44A0-A6A1-817BFB25037E}.Debug|ARM64.ActiveCfg = Debug|Any CPU
		{8A89A373-D7ED-44A0-A6A1-817BFB25037E}.Debug|ARM64.Build.0 = Debug|Any CPU
		{8A89A373-D7ED-44A0-A6A1-817BFB25037E}.Debug|x64.ActiveCfg = Debug|Any CPU
		{8A89A373-D7ED-44A0-A6A1-817BFB25037E}.Debug|x64.Build.0 = Debug|Any CPU
		{8A89A373-D7ED-44A0-A6A1-817BFB25037E}.Debug|x86.ActiveCfg = Debug|Any CPU
		{8A89A373-D7ED-44A0-A6A1-817BFB25037E}.Debug|x86.Build.0 = Debug|Any CPU
		{8A89A373-D7ED-44A0-A6A1-817BFB25037E}.Release|Any CPU.ActiveCfg = Release|Any CPU
		{8A89A373-D7ED-44A0-A6A1-817BFB25037E}.Release|Any CPU.Build.0 = Release|Any CPU
		{8A89A373-D7ED-44A0-A6A1-817BFB25037E}.Release|ARM64.ActiveCfg = Release|Any CPU
		{8A89A373-D7ED-44A0-A6A1-817BFB25037E}.Release|ARM64.Build.0 = Release|Any CPU
		{8A89A373-D7ED-44A0-A6A1-817BFB25037E}.Release|x64.ActiveCfg = Release|Any CPU
		{8A89A373-D7ED-44A0-A6A1-817BFB25037E}.Release|x64.Build.0 = Release|Any CPU
		{8A89A373-D7ED-44A0-A6A1-817BFB25037E}.Release|x86.ActiveCfg = Release|Any CPU
		{8A89A373-D7ED-44A0-A6A1-817BFB25037E}.Release|x86.Build.0 = Release|Any CPU
		{3EE5EE0F-4B5C-44D3-8B85-BFB92F738A48}.Debug|Any CPU.ActiveCfg = Debug|Any CPU
		{3EE5EE0F-4B5C-44D3-8B85-BFB92F738A48}.Debug|Any CPU.Build.0 = Debug|Any CPU
		{3EE5EE0F-4B5C-44D3-8B85-BFB92F738A48}.Debug|ARM64.ActiveCfg = Debug|Any CPU
		{3EE5EE0F-4B5C-44D3-8B85-BFB92F738A48}.Debug|ARM64.Build.0 = Debug|Any CPU
		{3EE5EE0F-4B5C-44D3-8B85-BFB92F738A48}.Debug|x64.ActiveCfg = Debug|Any CPU
		{3EE5EE0F-4B5C-44D3-8B85-BFB92F738A48}.Debug|x64.Build.0 = Debug|Any CPU
		{3EE5EE0F-4B5C-44D3-8B85-BFB92F738A48}.Debug|x86.ActiveCfg = Debug|Any CPU
		{3EE5EE0F-4B5C-44D3-8B85-BFB92F738A48}.Debug|x86.Build.0 = Debug|Any CPU
		{3EE5EE0F-4B5C-44D3-8B85-BFB92F738A48}.Release|Any CPU.ActiveCfg = Release|Any CPU
		{3EE5EE0F-4B5C-44D3-8B85-BFB92F738A48}.Release|Any CPU.Build.0 = Release|Any CPU
		{3EE5EE0F-4B5C-44D3-8B85-BFB92F738A48}.Release|ARM64.ActiveCfg = Release|Any CPU
		{3EE5EE0F-4B5C-44D3-8B85-BFB92F738A48}.Release|ARM64.Build.0 = Release|Any CPU
		{3EE5EE0F-4B5C-44D3-8B85-BFB92F738A48}.Release|x64.ActiveCfg = Release|Any CPU
		{3EE5EE0F-4B5C-44D3-8B85-BFB92F738A48}.Release|x64.Build.0 = Release|Any CPU
		{3EE5EE0F-4B5C-44D3-8B85-BFB92F738A48}.Release|x86.ActiveCfg = Release|Any CPU
		{3EE5EE0F-4B5C-44D3-8B85-BFB92F738A48}.Release|x86.Build.0 = Release|Any CPU
		{666D8108-AE32-4161-8941-6FE5E490A837}.Debug|Any CPU.ActiveCfg = Debug|Any CPU
		{666D8108-AE32-4161-8941-6FE5E490A837}.Debug|Any CPU.Build.0 = Debug|Any CPU
		{666D8108-AE32-4161-8941-6FE5E490A837}.Debug|ARM64.ActiveCfg = Debug|Any CPU
		{666D8108-AE32-4161-8941-6FE5E490A837}.Debug|ARM64.Build.0 = Debug|Any CPU
		{666D8108-AE32-4161-8941-6FE5E490A837}.Debug|x64.ActiveCfg = Debug|Any CPU
		{666D8108-AE32-4161-8941-6FE5E490A837}.Debug|x64.Build.0 = Debug|Any CPU
		{666D8108-AE32-4161-8941-6FE5E490A837}.Debug|x86.ActiveCfg = Debug|Any CPU
		{666D8108-AE32-4161-8941-6FE5E490A837}.Debug|x86.Build.0 = Debug|Any CPU
		{666D8108-AE32-4161-8941-6FE5E490A837}.Release|Any CPU.ActiveCfg = Release|Any CPU
		{666D8108-AE32-4161-8941-6FE5E490A837}.Release|Any CPU.Build.0 = Release|Any CPU
		{666D8108-AE32-4161-8941-6FE5E490A837}.Release|ARM64.ActiveCfg = Release|Any CPU
		{666D8108-AE32-4161-8941-6FE5E490A837}.Release|ARM64.Build.0 = Release|Any CPU
		{666D8108-AE32-4161-8941-6FE5E490A837}.Release|x64.ActiveCfg = Release|Any CPU
		{666D8108-AE32-4161-8941-6FE5E490A837}.Release|x64.Build.0 = Release|Any CPU
		{666D8108-AE32-4161-8941-6FE5E490A837}.Release|x86.ActiveCfg = Release|Any CPU
		{666D8108-AE32-4161-8941-6FE5E490A837}.Release|x86.Build.0 = Release|Any CPU
	EndGlobalSection
	GlobalSection(SolutionProperties) = preSolution
		HideSolutionNode = FALSE
	EndGlobalSection
	GlobalSection(ExtensibilityGlobals) = postSolution
		RESX_ShowErrorsInErrorList = False
		RESX_CodeReferences = {"Items":[{"Expression":"\\W($File.$Key)\\W","Extensions":".cs,.xaml,.cshtml","IsCaseSensitive":true,"SingleLineComment":"\/\/"},{"Expression":"\\W($File.$Key)\\W","Extensions":".vbhtml","IsCaseSensitive":false,"SingleLineComment":null},{"Expression":"ResourceManager.GetString\\(\"($Key)\"\\)","Extensions":".cs","IsCaseSensitive":true,"SingleLineComment":"\/\/"},{"Expression":"typeof\\((\\w+\\.)*($File)\\).+\"($Key)\"|\"($Key)\".+typeof\\((\\w+\\.)*($File)\\)","Extensions":".cs","IsCaseSensitive":true,"SingleLineComment":"\/\/"},{"Expression":"\\W($Key)\\W","Extensions":".vb","IsCaseSensitive":false,"SingleLineComment":"'"},{"Expression":"\\W($File::$Key)\\W","Extensions":".cpp,.c,.hxx,.h","IsCaseSensitive":true,"SingleLineComment":"\/\/"},{"Expression":"&lt;%\\$\\s+Resources:\\s*($File)\\s*,\\s*($Key)\\s*%&gt;","Extensions":".aspx,.ascx,.master","IsCaseSensitive":true,"SingleLineComment":null},{"Expression":"StringResourceKey\\.($Key)","Extensions":".cs","IsCaseSensitive":true,"SingleLineComment":"\/\/"},{"Expression":"\\.($Key)","Extensions":".ts,.html","IsCaseSensitive":true,"SingleLineComment":"\/\/"},{"Expression":"{lex:Loc\\s[\\w\\.]+}","Extensions":".xaml","IsCaseSensitive":false,"SingleLineComment":null}]}
		RESX_MoveToResources = {"Items":[{"Extensions":".cs,.vb","Patterns":"$Namespace.$File.$Key|$File.$Key|StringResourceKey.$Key|$Namespace.StringResourceKey.$Key|nameof($File.$Key), ResourceType = typeof($File)|ErrorMessageResourceType = typeof($File), ErrorMessageResourceName = nameof($File.$Key)"},{"Extensions":".cshtml,.vbhtml","Patterns":"@$Namespace.$File.$Key|@$File.$Key|@StringResourceKey.$Key|@$Namespace.StringResourceKey.$Key"},{"Extensions":".cpp,.c,.hxx,.h","Patterns":"$File::$Key"},{"Extensions":".aspx,.ascx","Patterns":"<%$ Resources:$File,$Key %>|<%= $File.$Key %>|<%= $Namespace.$File.$Key %>"},{"Extensions":".xaml","Patterns":"\"{x:Static properties:$File.$Key}\"|\"{lex:Loc $Key}\""},{"Extensions":".ts","Patterns":"resources.$Key"},{"Extensions":".html","Patterns":"{{ resources.$Key }}"},{"Extensions":".xaml","Patterns":"\"{lex:Loc $Key}\""}]}
		RESX_SortFileContentOnSave = True
		RESX_CultureCountyOverrides = 
		RESX_PrefixTranslations = False
		RESX_ExcelExportMode = SingleSheet
		SolutionGuid = {F9F475D9-78B6-4485-ADF6-A6DC9659AC9D}
	EndGlobalSection
EndGlobal
